
Microsoft Visual Studio Solution File, Format Version 12.00
# Visual Studio Version 17
VisualStudioVersion = 17.0.31903.59
MinimumVisualStudioVersion = 10.0.40219.1
Project("{FAE04EC0-301F-11D3-BF4B-00C04F79EFBC}") = "Payment.Domain", "Payment.Domain\Payment.Domain.csproj", "{B8932A04-B2B4-4285-8C4D-43FB89883544}"
EndProject
Project("{FAE04EC0-301F-11D3-BF4B-00C04F79EFBC}") = "Payment.Domain.Tests", "Payment.Domain.Tests\Payment.Domain.Tests.csproj", "{A87464F0-EE5A-4FD9-A840-8B384A4FCCBA}"
EndProject
Global
	GlobalSection(SolutionConfigurationPlatforms) = preSolution
		Debug|Any CPU = Debug|Any CPU
		Release|Any CPU = Release|Any CPU
	EndGlobalSection
	GlobalSection(SolutionProperties) = preSolution
		HideSolutionNode = FALSE
	EndGlobalSection
	GlobalSection(ProjectConfigurationPlatforms) = postSolution
		{B8932A04-B2B4-4285-8C4D-43FB89883544}.Debug|Any CPU.ActiveCfg = Debug|Any CPU
		{B8932A04-B2B4-4285-8C4D-43FB89883544}.Debug|Any CPU.Build.0 = Debug|Any CPU
		{B8932A04-B2B4-4285-8C4D-43FB89883544}.Release|Any CPU.ActiveCfg = Release|Any CPU
		{B8932A04-B2B4-4285-8C4D-43FB89883544}.Release|Any CPU.Build.0 = Release|Any CPU
		{A87464F0-EE5A-4FD9-A840-8B384A4FCCBA}.Debug|Any CPU.ActiveCfg = Debug|Any CPU
		{A87464F0-EE5A-4FD9-A840-8B384A4FCCBA}.Debug|Any CPU.Build.0 = Debug|Any CPU
		{A87464F0-EE5A-4FD9-A840-8B384A4FCCBA}.Release|Any CPU.ActiveCfg = Release|Any CPU
		{A87464F0-EE5A-4FD9-A840-8B384A4FCCBA}.Release|Any CPU.Build.0 = Release|Any CPU
	EndGlobalSection
EndGlobal
